<?xml version="1.0" encoding="UTF-8" standalone="yes" ?>
<CodeBlocks_project_file>
   <FileVersion major="1" minor="6" />
   <Project>
      <Option title="MTI835-NG" />
      <Option makefile_is_custom="1" />
      <Option compiler="msvc8" />
      <Option virtualFolders="CMake Files\;" />
      <Build>
      <Target title="all">
         <Option working_dir="C:/Users/Nicholas/Documents/GitHub/MTI835" />
         <Option type="4" />
         <MakeCommands>
            <Build command="nmake /NOLOGO /f C:\Users\Nicholas\Documents\GitHub\MTI835\Makefile VERBOSE=1 all" />
            <CompileFile command="nmake /NOLOGO /f C:\Users\Nicholas\Documents\GitHub\MTI835\Makefile VERBOSE=1 &quot;$file&quot;" />
            <Clean command="nmake /NOLOGO /f C:\Users\Nicholas\Documents\GitHub\MTI835\Makefile VERBOSE=1 clean" />
            <DistClean command="nmake /NOLOGO /f C:\Users\Nicholas\Documents\GitHub\MTI835\Makefile VERBOSE=1 clean" />
         </MakeCommands>
      </Target>
      <Target title="edit_cache">
         <Option working_dir="C:/Users/Nicholas/Documents/GitHub/MTI835" />
         <Option type="4" />
         <MakeCommands>
            <Build command="nmake /NOLOGO /f C:\Users\Nicholas\Documents\GitHub\MTI835\Makefile VERBOSE=1 edit_cache" />
            <CompileFile command="nmake /NOLOGO /f C:\Users\Nicholas\Documents\GitHub\MTI835\Makefile VERBOSE=1 &quot;$file&quot;" />
            <Clean command="nmake /NOLOGO /f C:\Users\Nicholas\Documents\GitHub\MTI835\Makefile VERBOSE=1 clean" />
            <DistClean command="nmake /NOLOGO /f C:\Users\Nicholas\Documents\GitHub\MTI835\Makefile VERBOSE=1 clean" />
         </MakeCommands>
      </Target>
      <Target title="main">
         <Option output="C:/Users/Nicholas/Documents/GitHub/MTI835/bin/main.exe" prefix_auto="0" extension_auto="0" />
         <Option working_dir="bin/" />
         <Option object_output="./" />
         <Option type="0" />
         <Option compiler="msvc8" />
         <Compiler>
            <Add option="-D_CRT_SECURE_NO_WARNINGS" />
            <Add directory="C:/Program Files/NVIDIA GPU Computing Toolkit/CUDA/v7.5/include" />
            <Add directory="C:/Users/Nicholas/Documents/GitHub/MTI835/base" />
            <Add directory="C:/Users/Nicholas/Documents/GitHub/MTI835/external" />
            <Add directory="C:/Users/Nicholas/Documents/GitHub/MTI835/external/assimp" />
            <Add directory="C:/Users/Nicholas/Documents/GitHub/MTI835/external/bullet3" />
            <Add directory="C:/Users/Nicholas/Documents/GitHub/MTI835/external/gli" />
            <Add directory="C:/Users/Nicholas/Documents/GitHub/MTI835/external/glm" />
            <Add directory="C:/Users/Nicholas/Documents/GitHub/MTI835/headers" />
            <Add directory="C:\Program Files (x86)\Microsoft Visual Studio 14.0\VC\INCLUDE" />
            <Add directory="C:\Program Files (x86)\Windows Kits\10\include\10.0.10586.0\shared" />
            <Add directory="C:\Program Files (x86)\Windows Kits\10\include\10.0.10586.0\ucrt" />
            <Add directory="C:\Program Files (x86)\Windows Kits\10\include\10.0.10586.0\um" />
            <Add directory="C:\Program Files (x86)\Windows Kits\10\include\10.0.10586.0\winrt" />
            <Add directory="C:\Program Files (x86)\Windows Kits\NETFXSDK\4.6.1\include\um" />
         </Compiler>
         <MakeCommands>
            <Build command="nmake /NOLOGO /f C:\Users\Nicholas\Documents\GitHub\MTI835\Makefile VERBOSE=1 main" />
            <CompileFile command="nmake /NOLOGO /f C:\Users\Nicholas\Documents\GitHub\MTI835\Makefile VERBOSE=1 &quot;$file&quot;" />
            <Clean command="nmake /NOLOGO /f C:\Users\Nicholas\Documents\GitHub\MTI835\Makefile VERBOSE=1 clean" />
            <DistClean command="nmake /NOLOGO /f C:\Users\Nicholas\Documents\GitHub\MTI835\Makefile VERBOSE=1 clean" />
         </MakeCommands>
      </Target>
      <Target title="main/fast">
         <Option output="C:/Users/Nicholas/Documents/GitHub/MTI835/bin/main.exe" prefix_auto="0" extension_auto="0" />
         <Option working_dir="bin/" />
         <Option object_output="./" />
         <Option type="0" />
         <Option compiler="msvc8" />
         <Compiler>
            <Add option="-D_CRT_SECURE_NO_WARNINGS" />
            <Add directory="C:/Program Files/NVIDIA GPU Computing Toolkit/CUDA/v7.5/include" />
            <Add directory="C:/Users/Nicholas/Documents/GitHub/MTI835/base" />
            <Add directory="C:/Users/Nicholas/Documents/GitHub/MTI835/external" />
            <Add directory="C:/Users/Nicholas/Documents/GitHub/MTI835/external/assimp" />
            <Add directory="C:/Users/Nicholas/Documents/GitHub/MTI835/external/bullet3" />
            <Add directory="C:/Users/Nicholas/Documents/GitHub/MTI835/external/gli" />
            <Add directory="C:/Users/Nicholas/Documents/GitHub/MTI835/external/glm" />
            <Add directory="C:/Users/Nicholas/Documents/GitHub/MTI835/headers" />
            <Add directory="C:\Program Files (x86)\Microsoft Visual Studio 14.0\VC\INCLUDE" />
            <Add directory="C:\Program Files (x86)\Windows Kits\10\include\10.0.10586.0\shared" />
            <Add directory="C:\Program Files (x86)\Windows Kits\10\include\10.0.10586.0\ucrt" />
            <Add directory="C:\Program Files (x86)\Windows Kits\10\include\10.0.10586.0\um" />
            <Add directory="C:\Program Files (x86)\Windows Kits\10\include\10.0.10586.0\winrt" />
            <Add directory="C:\Program Files (x86)\Windows Kits\NETFXSDK\4.6.1\include\um" />
         </Compiler>
         <MakeCommands>
            <Build command="nmake /NOLOGO /f C:\Users\Nicholas\Documents\GitHub\MTI835\Makefile VERBOSE=1 main/fast" />
            <CompileFile command="nmake /NOLOGO /f C:\Users\Nicholas\Documents\GitHub\MTI835\Makefile VERBOSE=1 &quot;$file&quot;" />
            <Clean command="nmake /NOLOGO /f C:\Users\Nicholas\Documents\GitHub\MTI835\Makefile VERBOSE=1 clean" />
            <DistClean command="nmake /NOLOGO /f C:\Users\Nicholas\Documents\GitHub\MTI835\Makefile VERBOSE=1 clean" />
         </MakeCommands>
      </Target>
      <Target title="rebuild_cache">
         <Option working_dir="C:/Users/Nicholas/Documents/GitHub/MTI835" />
         <Option type="4" />
         <MakeCommands>
            <Build command="nmake /NOLOGO /f C:\Users\Nicholas\Documents\GitHub\MTI835\Makefile VERBOSE=1 rebuild_cache" />
            <CompileFile command="nmake /NOLOGO /f C:\Users\Nicholas\Documents\GitHub\MTI835\Makefile VERBOSE=1 &quot;$file&quot;" />
            <Clean command="nmake /NOLOGO /f C:\Users\Nicholas\Documents\GitHub\MTI835\Makefile VERBOSE=1 clean" />
            <DistClean command="nmake /NOLOGO /f C:\Users\Nicholas\Documents\GitHub\MTI835\Makefile VERBOSE=1 clean" />
         </MakeCommands>
      </Target>
      </Build>
      <Unit filename="C:/Users/Nicholas/Documents/GitHub/MTI835/base/vulkanandroid.cpp">
         <Option target="main"/>
      </Unit>
      <Unit filename="C:/Users/Nicholas/Documents/GitHub/MTI835/base/vulkanandroid.h">
         <Option target="main"/>
      </Unit>
      <Unit filename="C:/Users/Nicholas/Documents/GitHub/MTI835/base/vulkandebug.cpp">
         <Option target="main"/>
      </Unit>
      <Unit filename="C:/Users/Nicholas/Documents/GitHub/MTI835/base/vulkandebug.h">
         <Option target="main"/>
      </Unit>
      <Unit filename="C:/Users/Nicholas/Documents/GitHub/MTI835/base/vulkanexamplebase.cpp">
         <Option target="main"/>
      </Unit>
      <Unit filename="C:/Users/Nicholas/Documents/GitHub/MTI835/base/vulkanexamplebase.h">
         <Option target="main"/>
      </Unit>
      <Unit filename="C:/Users/Nicholas/Documents/GitHub/MTI835/base/vulkantools.cpp">
         <Option target="main"/>
      </Unit>
      <Unit filename="C:/Users/Nicholas/Documents/GitHub/MTI835/base/vulkantools.h">
         <Option target="main"/>
      </Unit>
      <Unit filename="C:/Users/Nicholas/Documents/GitHub/MTI835/external/bullet3/Bullet3Collision/BroadPhaseCollision/b3DynamicBvh.cpp">
         <Option target="main"/>
      </Unit>
      <Unit filename="C:/Users/Nicholas/Documents/GitHub/MTI835/external/bullet3/Bullet3Collision/BroadPhaseCollision/b3DynamicBvh.h">
         <Option target="main"/>
      </Unit>
      <Unit filename="C:/Users/Nicholas/Documents/GitHub/MTI835/external/bullet3/Bullet3Collision/BroadPhaseCollision/b3DynamicBvhBroadphase.cpp">
         <Option target="main"/>
      </Unit>
      <Unit filename="C:/Users/Nicholas/Documents/GitHub/MTI835/external/bullet3/Bullet3Collision/BroadPhaseCollision/b3DynamicBvhBroadphase.h">
         <Option target="main"/>
      </Unit>
      <Unit filename="C:/Users/Nicholas/Documents/GitHub/MTI835/external/bullet3/Bullet3Collision/BroadPhaseCollision/b3OverlappingPairCache.cpp">
         <Option target="main"/>
      </Unit>
      <Unit filename="C:/Users/Nicholas/Documents/GitHub/MTI835/external/bullet3/Bullet3Collision/BroadPhaseCollision/b3OverlappingPairCache.h">
         <Option target="main"/>
      </Unit>
      <Unit filename="C:/Users/Nicholas/Documents/GitHub/MTI835/external/bullet3/Bullet3Collision/NarrowPhaseCollision/b3ConvexUtility.cpp">
         <Option target="main"/>
      </Unit>
      <Unit filename="C:/Users/Nicholas/Documents/GitHub/MTI835/external/bullet3/Bullet3Collision/NarrowPhaseCollision/b3ConvexUtility.h">
         <Option target="main"/>
      </Unit>
      <Unit filename="C:/Users/Nicholas/Documents/GitHub/MTI835/external/bullet3/Bullet3Collision/NarrowPhaseCollision/b3CpuNarrowPhase.cpp">
         <Option target="main"/>
      </Unit>
      <Unit filename="C:/Users/Nicholas/Documents/GitHub/MTI835/external/bullet3/Bullet3Collision/NarrowPhaseCollision/b3CpuNarrowPhase.h">
         <Option target="main"/>
      </Unit>
      <Unit filename="C:/Users/Nicholas/Documents/GitHub/MTI835/external/bullet3/Bullet3Common/b3AlignedAllocator.cpp">
         <Option target="main"/>
      </Unit>
      <Unit filename="C:/Users/Nicholas/Documents/GitHub/MTI835/external/bullet3/Bullet3Common/b3AlignedAllocator.h">
         <Option target="main"/>
      </Unit>
      <Unit filename="C:/Users/Nicholas/Documents/GitHub/MTI835/external/bullet3/Bullet3Common/b3Logging.cpp">
         <Option target="main"/>
      </Unit>
      <Unit filename="C:/Users/Nicholas/Documents/GitHub/MTI835/external/bullet3/Bullet3Common/b3Logging.h">
         <Option target="main"/>
      </Unit>
      <Unit filename="C:/Users/Nicholas/Documents/GitHub/MTI835/external/bullet3/Bullet3Common/b3Vector3.cpp">
         <Option target="main"/>
      </Unit>
      <Unit filename="C:/Users/Nicholas/Documents/GitHub/MTI835/external/bullet3/Bullet3Common/b3Vector3.h">
         <Option target="main"/>
      </Unit>
      <Unit filename="C:/Users/Nicholas/Documents/GitHub/MTI835/external/bullet3/Bullet3Dynamics/ConstraintSolver/b3FixedConstraint.cpp">
         <Option target="main"/>
      </Unit>
      <Unit filename="C:/Users/Nicholas/Documents/GitHub/MTI835/external/bullet3/Bullet3Dynamics/ConstraintSolver/b3FixedConstraint.h">
         <Option target="main"/>
      </Unit>
      <Unit filename="C:/Users/Nicholas/Documents/GitHub/MTI835/external/bullet3/Bullet3Dynamics/ConstraintSolver/b3Generic6DofConstraint.cpp">
         <Option target="main"/>
      </Unit>
      <Unit filename="C:/Users/Nicholas/Documents/GitHub/MTI835/external/bullet3/Bullet3Dynamics/ConstraintSolver/b3Generic6DofConstraint.h">
         <Option target="main"/>
      </Unit>
      <Unit filename="C:/Users/Nicholas/Documents/GitHub/MTI835/external/bullet3/Bullet3Dynamics/ConstraintSolver/b3PgsJacobiSolver.cpp">
         <Option target="main"/>
      </Unit>
      <Unit filename="C:/Users/Nicholas/Documents/GitHub/MTI835/external/bullet3/Bullet3Dynamics/ConstraintSolver/b3PgsJacobiSolver.h">
         <Option target="main"/>
      </Unit>
      <Unit filename="C:/Users/Nicholas/Documents/GitHub/MTI835/external/bullet3/Bullet3Dynamics/ConstraintSolver/b3Point2PointConstraint.cpp">
         <Option target="main"/>
      </Unit>
      <Unit filename="C:/Users/Nicholas/Documents/GitHub/MTI835/external/bullet3/Bullet3Dynamics/ConstraintSolver/b3Point2PointConstraint.h">
         <Option target="main"/>
      </Unit>
      <Unit filename="C:/Users/Nicholas/Documents/GitHub/MTI835/external/bullet3/Bullet3Dynamics/ConstraintSolver/b3TypedConstraint.cpp">
         <Option target="main"/>
      </Unit>
      <Unit filename="C:/Users/Nicholas/Documents/GitHub/MTI835/external/bullet3/Bullet3Dynamics/ConstraintSolver/b3TypedConstraint.h">
         <Option target="main"/>
      </Unit>
      <Unit filename="C:/Users/Nicholas/Documents/GitHub/MTI835/external/bullet3/Bullet3Dynamics/b3CpuRigidBodyPipeline.cpp">
         <Option target="main"/>
      </Unit>
      <Unit filename="C:/Users/Nicholas/Documents/GitHub/MTI835/external/bullet3/Bullet3Dynamics/b3CpuRigidBodyPipeline.h">
         <Option target="main"/>
      </Unit>
      <Unit filename="C:/Users/Nicholas/Documents/GitHub/MTI835/external/bullet3/Bullet3Geometry/b3ConvexHullComputer.cpp">
         <Option target="main"/>
      </Unit>
      <Unit filename="C:/Users/Nicholas/Documents/GitHub/MTI835/external/bullet3/Bullet3Geometry/b3ConvexHullComputer.h">
         <Option target="main"/>
      </Unit>
      <Unit filename="C:/Users/Nicholas/Documents/GitHub/MTI835/external/bullet3/Bullet3Geometry/b3GeometryUtil.cpp">
         <Option target="main"/>
      </Unit>
      <Unit filename="C:/Users/Nicholas/Documents/GitHub/MTI835/external/bullet3/Bullet3Geometry/b3GeometryUtil.h">
         <Option target="main"/>
      </Unit>
      <Unit filename="C:/Users/Nicholas/Documents/GitHub/MTI835/external/bullet3/Bullet3OpenCL/BroadphaseCollision/b3GpuGridBroadphase.cpp">
         <Option target="main"/>
      </Unit>
      <Unit filename="C:/Users/Nicholas/Documents/GitHub/MTI835/external/bullet3/Bullet3OpenCL/BroadphaseCollision/b3GpuGridBroadphase.h">
         <Option target="main"/>
      </Unit>
      <Unit filename="C:/Users/Nicholas/Documents/GitHub/MTI835/external/bullet3/Bullet3OpenCL/BroadphaseCollision/b3GpuParallelLinearBvh.cpp">
         <Option target="main"/>
      </Unit>
      <Unit filename="C:/Users/Nicholas/Documents/GitHub/MTI835/external/bullet3/Bullet3OpenCL/BroadphaseCollision/b3GpuParallelLinearBvh.h">
         <Option target="main"/>
      </Unit>
      <Unit filename="C:/Users/Nicholas/Documents/GitHub/MTI835/external/bullet3/Bullet3OpenCL/BroadphaseCollision/b3GpuParallelLinearBvhBroadphase.cpp">
         <Option target="main"/>
      </Unit>
      <Unit filename="C:/Users/Nicholas/Documents/GitHub/MTI835/external/bullet3/Bullet3OpenCL/BroadphaseCollision/b3GpuParallelLinearBvhBroadphase.h">
         <Option target="main"/>
      </Unit>
      <Unit filename="C:/Users/Nicholas/Documents/GitHub/MTI835/external/bullet3/Bullet3OpenCL/BroadphaseCollision/b3GpuSapBroadphase.cpp">
         <Option target="main"/>
      </Unit>
      <Unit filename="C:/Users/Nicholas/Documents/GitHub/MTI835/external/bullet3/Bullet3OpenCL/BroadphaseCollision/b3GpuSapBroadphase.h">
         <Option target="main"/>
      </Unit>
      <Unit filename="C:/Users/Nicholas/Documents/GitHub/MTI835/external/bullet3/Bullet3OpenCL/Initialize/b3OpenCLUtils.cpp">
         <Option target="main"/>
      </Unit>
      <Unit filename="C:/Users/Nicholas/Documents/GitHub/MTI835/external/bullet3/Bullet3OpenCL/Initialize/b3OpenCLUtils.h">
         <Option target="main"/>
      </Unit>
      <Unit filename="C:/Users/Nicholas/Documents/GitHub/MTI835/external/bullet3/Bullet3OpenCL/NarrowphaseCollision/b3ContactCache.cpp">
         <Option target="main"/>
      </Unit>
      <Unit filename="C:/Users/Nicholas/Documents/GitHub/MTI835/external/bullet3/Bullet3OpenCL/NarrowphaseCollision/b3ContactCache.h">
         <Option target="main"/>
      </Unit>
      <Unit filename="C:/Users/Nicholas/Documents/GitHub/MTI835/external/bullet3/Bullet3OpenCL/NarrowphaseCollision/b3ConvexHullContact.cpp">
         <Option target="main"/>
      </Unit>
      <Unit filename="C:/Users/Nicholas/Documents/GitHub/MTI835/external/bullet3/Bullet3OpenCL/NarrowphaseCollision/b3ConvexHullContact.h">
         <Option target="main"/>
      </Unit>
      <Unit filename="C:/Users/Nicholas/Documents/GitHub/MTI835/external/bullet3/Bullet3OpenCL/NarrowphaseCollision/b3GjkEpa.cpp">
         <Option target="main"/>
      </Unit>
      <Unit filename="C:/Users/Nicholas/Documents/GitHub/MTI835/external/bullet3/Bullet3OpenCL/NarrowphaseCollision/b3GjkEpa.h">
         <Option target="main"/>
      </Unit>
      <Unit filename="C:/Users/Nicholas/Documents/GitHub/MTI835/external/bullet3/Bullet3OpenCL/NarrowphaseCollision/b3GjkPairDetector.cpp">
         <Option target="main"/>
      </Unit>
      <Unit filename="C:/Users/Nicholas/Documents/GitHub/MTI835/external/bullet3/Bullet3OpenCL/NarrowphaseCollision/b3GjkPairDetector.h">
         <Option target="main"/>
      </Unit>
      <Unit filename="C:/Users/Nicholas/Documents/GitHub/MTI835/external/bullet3/Bullet3OpenCL/NarrowphaseCollision/b3OptimizedBvh.cpp">
         <Option target="main"/>
      </Unit>
      <Unit filename="C:/Users/Nicholas/Documents/GitHub/MTI835/external/bullet3/Bullet3OpenCL/NarrowphaseCollision/b3OptimizedBvh.h">
         <Option target="main"/>
      </Unit>
      <Unit filename="C:/Users/Nicholas/Documents/GitHub/MTI835/external/bullet3/Bullet3OpenCL/NarrowphaseCollision/b3QuantizedBvh.cpp">
         <Option target="main"/>
      </Unit>
      <Unit filename="C:/Users/Nicholas/Documents/GitHub/MTI835/external/bullet3/Bullet3OpenCL/NarrowphaseCollision/b3QuantizedBvh.h">
         <Option target="main"/>
      </Unit>
      <Unit filename="C:/Users/Nicholas/Documents/GitHub/MTI835/external/bullet3/Bullet3OpenCL/NarrowphaseCollision/b3StridingMeshInterface.cpp">
         <Option target="main"/>
      </Unit>
      <Unit filename="C:/Users/Nicholas/Documents/GitHub/MTI835/external/bullet3/Bullet3OpenCL/NarrowphaseCollision/b3StridingMeshInterface.h">
         <Option target="main"/>
      </Unit>
      <Unit filename="C:/Users/Nicholas/Documents/GitHub/MTI835/external/bullet3/Bullet3OpenCL/NarrowphaseCollision/b3TriangleCallback.cpp">
         <Option target="main"/>
      </Unit>
      <Unit filename="C:/Users/Nicholas/Documents/GitHub/MTI835/external/bullet3/Bullet3OpenCL/NarrowphaseCollision/b3TriangleCallback.h">
         <Option target="main"/>
      </Unit>
      <Unit filename="C:/Users/Nicholas/Documents/GitHub/MTI835/external/bullet3/Bullet3OpenCL/NarrowphaseCollision/b3TriangleIndexVertexArray.cpp">
         <Option target="main"/>
      </Unit>
      <Unit filename="C:/Users/Nicholas/Documents/GitHub/MTI835/external/bullet3/Bullet3OpenCL/NarrowphaseCollision/b3TriangleIndexVertexArray.h">
         <Option target="main"/>
      </Unit>
      <Unit filename="C:/Users/Nicholas/Documents/GitHub/MTI835/external/bullet3/Bullet3OpenCL/NarrowphaseCollision/b3VoronoiSimplexSolver.cpp">
         <Option target="main"/>
      </Unit>
      <Unit filename="C:/Users/Nicholas/Documents/GitHub/MTI835/external/bullet3/Bullet3OpenCL/NarrowphaseCollision/b3VoronoiSimplexSolver.h">
         <Option target="main"/>
      </Unit>
      <Unit filename="C:/Users/Nicholas/Documents/GitHub/MTI835/external/bullet3/Bullet3OpenCL/ParallelPrimitives/b3BoundSearchCL.cpp">
         <Option target="main"/>
      </Unit>
      <Unit filename="C:/Users/Nicholas/Documents/GitHub/MTI835/external/bullet3/Bullet3OpenCL/ParallelPrimitives/b3BoundSearchCL.h">
         <Option target="main"/>
      </Unit>
      <Unit filename="C:/Users/Nicholas/Documents/GitHub/MTI835/external/bullet3/Bullet3OpenCL/ParallelPrimitives/b3FillCL.cpp">
         <Option target="main"/>
      </Unit>
      <Unit filename="C:/Users/Nicholas/Documents/GitHub/MTI835/external/bullet3/Bullet3OpenCL/ParallelPrimitives/b3FillCL.h">
         <Option target="main"/>
      </Unit>
      <Unit filename="C:/Users/Nicholas/Documents/GitHub/MTI835/external/bullet3/Bullet3OpenCL/ParallelPrimitives/b3LauncherCL.cpp">
         <Option target="main"/>
      </Unit>
      <Unit filename="C:/Users/Nicholas/Documents/GitHub/MTI835/external/bullet3/Bullet3OpenCL/ParallelPrimitives/b3LauncherCL.h">
         <Option target="main"/>
      </Unit>
      <Unit filename="C:/Users/Nicholas/Documents/GitHub/MTI835/external/bullet3/Bullet3OpenCL/ParallelPrimitives/b3PrefixScanCL.cpp">
         <Option target="main"/>
      </Unit>
      <Unit filename="C:/Users/Nicholas/Documents/GitHub/MTI835/external/bullet3/Bullet3OpenCL/ParallelPrimitives/b3PrefixScanCL.h">
         <Option target="main"/>
      </Unit>
      <Unit filename="C:/Users/Nicholas/Documents/GitHub/MTI835/external/bullet3/Bullet3OpenCL/ParallelPrimitives/b3PrefixScanFloat4CL.cpp">
         <Option target="main"/>
      </Unit>
      <Unit filename="C:/Users/Nicholas/Documents/GitHub/MTI835/external/bullet3/Bullet3OpenCL/ParallelPrimitives/b3PrefixScanFloat4CL.h">
         <Option target="main"/>
      </Unit>
      <Unit filename="C:/Users/Nicholas/Documents/GitHub/MTI835/external/bullet3/Bullet3OpenCL/ParallelPrimitives/b3RadixSort32CL.cpp">
         <Option target="main"/>
      </Unit>
      <Unit filename="C:/Users/Nicholas/Documents/GitHub/MTI835/external/bullet3/Bullet3OpenCL/ParallelPrimitives/b3RadixSort32CL.h">
         <Option target="main"/>
      </Unit>
      <Unit filename="C:/Users/Nicholas/Documents/GitHub/MTI835/external/bullet3/Bullet3OpenCL/Raycast/b3GpuRaycast.cpp">
         <Option target="main"/>
      </Unit>
      <Unit filename="C:/Users/Nicholas/Documents/GitHub/MTI835/external/bullet3/Bullet3OpenCL/Raycast/b3GpuRaycast.h">
         <Option target="main"/>
      </Unit>
      <Unit filename="C:/Users/Nicholas/Documents/GitHub/MTI835/external/bullet3/Bullet3OpenCL/RigidBody/b3GpuGenericConstraint.cpp">
         <Option target="main"/>
      </Unit>
      <Unit filename="C:/Users/Nicholas/Documents/GitHub/MTI835/external/bullet3/Bullet3OpenCL/RigidBody/b3GpuGenericConstraint.h">
         <Option target="main"/>
      </Unit>
      <Unit filename="C:/Users/Nicholas/Documents/GitHub/MTI835/external/bullet3/Bullet3OpenCL/RigidBody/b3GpuJacobiContactSolver.cpp">
         <Option target="main"/>
      </Unit>
      <Unit filename="C:/Users/Nicholas/Documents/GitHub/MTI835/external/bullet3/Bullet3OpenCL/RigidBody/b3GpuJacobiContactSolver.h">
         <Option target="main"/>
      </Unit>
      <Unit filename="C:/Users/Nicholas/Documents/GitHub/MTI835/external/bullet3/Bullet3OpenCL/RigidBody/b3GpuNarrowPhase.cpp">
         <Option target="main"/>
      </Unit>
      <Unit filename="C:/Users/Nicholas/Documents/GitHub/MTI835/external/bullet3/Bullet3OpenCL/RigidBody/b3GpuNarrowPhase.h">
         <Option target="main"/>
      </Unit>
      <Unit filename="C:/Users/Nicholas/Documents/GitHub/MTI835/external/bullet3/Bullet3OpenCL/RigidBody/b3GpuPgsConstraintSolver.cpp">
         <Option target="main"/>
      </Unit>
      <Unit filename="C:/Users/Nicholas/Documents/GitHub/MTI835/external/bullet3/Bullet3OpenCL/RigidBody/b3GpuPgsConstraintSolver.h">
         <Option target="main"/>
      </Unit>
      <Unit filename="C:/Users/Nicholas/Documents/GitHub/MTI835/external/bullet3/Bullet3OpenCL/RigidBody/b3GpuPgsContactSolver.cpp">
         <Option target="main"/>
      </Unit>
      <Unit filename="C:/Users/Nicholas/Documents/GitHub/MTI835/external/bullet3/Bullet3OpenCL/RigidBody/b3GpuPgsContactSolver.h">
         <Option target="main"/>
      </Unit>
      <Unit filename="C:/Users/Nicholas/Documents/GitHub/MTI835/external/bullet3/Bullet3OpenCL/RigidBody/b3GpuRigidBodyPipeline.cpp">
         <Option target="main"/>
      </Unit>
      <Unit filename="C:/Users/Nicholas/Documents/GitHub/MTI835/external/bullet3/Bullet3OpenCL/RigidBody/b3GpuRigidBodyPipeline.h">
         <Option target="main"/>
      </Unit>
      <Unit filename="C:/Users/Nicholas/Documents/GitHub/MTI835/external/bullet3/Bullet3OpenCL/RigidBody/b3Solver.cpp">
         <Option target="main"/>
      </Unit>
      <Unit filename="C:/Users/Nicholas/Documents/GitHub/MTI835/external/bullet3/Bullet3OpenCL/RigidBody/b3Solver.h">
         <Option target="main"/>
      </Unit>
      <Unit filename="C:/Users/Nicholas/Documents/GitHub/MTI835/external/bullet3/Bullet3Serialize/Bullet2FileLoader/b3BulletFile.cpp">
         <Option target="main"/>
      </Unit>
      <Unit filename="C:/Users/Nicholas/Documents/GitHub/MTI835/external/bullet3/Bullet3Serialize/Bullet2FileLoader/b3BulletFile.h">
         <Option target="main"/>
      </Unit>
      <Unit filename="C:/Users/Nicholas/Documents/GitHub/MTI835/external/bullet3/Bullet3Serialize/Bullet2FileLoader/b3Chunk.cpp">
         <Option target="main"/>
      </Unit>
      <Unit filename="C:/Users/Nicholas/Documents/GitHub/MTI835/external/bullet3/Bullet3Serialize/Bullet2FileLoader/b3Chunk.h">
         <Option target="main"/>
      </Unit>
      <Unit filename="C:/Users/Nicholas/Documents/GitHub/MTI835/external/bullet3/Bullet3Serialize/Bullet2FileLoader/b3DNA.cpp">
         <Option target="main"/>
      </Unit>
      <Unit filename="C:/Users/Nicholas/Documents/GitHub/MTI835/external/bullet3/Bullet3Serialize/Bullet2FileLoader/b3DNA.h">
         <Option target="main"/>
      </Unit>
      <Unit filename="C:/Users/Nicholas/Documents/GitHub/MTI835/external/bullet3/Bullet3Serialize/Bullet2FileLoader/b3File.cpp">
         <Option target="main"/>
      </Unit>
      <Unit filename="C:/Users/Nicholas/Documents/GitHub/MTI835/external/bullet3/Bullet3Serialize/Bullet2FileLoader/b3File.h">
         <Option target="main"/>
      </Unit>
      <Unit filename="C:/Users/Nicholas/Documents/GitHub/MTI835/external/bullet3/Bullet3Serialize/Bullet2FileLoader/b3Serializer.cpp">
         <Option target="main"/>
      </Unit>
      <Unit filename="C:/Users/Nicholas/Documents/GitHub/MTI835/external/bullet3/Bullet3Serialize/Bullet2FileLoader/b3Serializer.h">
         <Option target="main"/>
      </Unit>
      <Unit filename="C:/Users/Nicholas/Documents/GitHub/MTI835/external/bullet3/BulletCollision/BroadphaseCollision/btAxisSweep3.cpp">
         <Option target="main"/>
      </Unit>
      <Unit filename="C:/Users/Nicholas/Documents/GitHub/MTI835/external/bullet3/BulletCollision/BroadphaseCollision/btAxisSweep3.h">
         <Option target="main"/>
      </Unit>
      <Unit filename="C:/Users/Nicholas/Documents/GitHub/MTI835/external/bullet3/BulletCollision/BroadphaseCollision/btBroadphaseProxy.cpp">
         <Option target="main"/>
      </Unit>
      <Unit filename="C:/Users/Nicholas/Documents/GitHub/MTI835/external/bullet3/BulletCollision/BroadphaseCollision/btBroadphaseProxy.h">
         <Option target="main"/>
      </Unit>
      <Unit filename="C:/Users/Nicholas/Documents/GitHub/MTI835/external/bullet3/BulletCollision/BroadphaseCollision/btCollisionAlgorithm.cpp">
         <Option target="main"/>
      </Unit>
      <Unit filename="C:/Users/Nicholas/Documents/GitHub/MTI835/external/bullet3/BulletCollision/BroadphaseCollision/btCollisionAlgorithm.h">
         <Option target="main"/>
      </Unit>
      <Unit filename="C:/Users/Nicholas/Documents/GitHub/MTI835/external/bullet3/BulletCollision/BroadphaseCollision/btDbvt.cpp">
         <Option target="main"/>
      </Unit>
      <Unit filename="C:/Users/Nicholas/Documents/GitHub/MTI835/external/bullet3/BulletCollision/BroadphaseCollision/btDbvt.h">
         <Option target="main"/>
      </Unit>
      <Unit filename="C:/Users/Nicholas/Documents/GitHub/MTI835/external/bullet3/BulletCollision/BroadphaseCollision/btDbvtBroadphase.cpp">
         <Option target="main"/>
      </Unit>
      <Unit filename="C:/Users/Nicholas/Documents/GitHub/MTI835/external/bullet3/BulletCollision/BroadphaseCollision/btDbvtBroadphase.h">
         <Option target="main"/>
      </Unit>
      <Unit filename="C:/Users/Nicholas/Documents/GitHub/MTI835/external/bullet3/BulletCollision/BroadphaseCollision/btDispatcher.cpp">
         <Option target="main"/>
      </Unit>
      <Unit filename="C:/Users/Nicholas/Documents/GitHub/MTI835/external/bullet3/BulletCollision/BroadphaseCollision/btDispatcher.h">
         <Option target="main"/>
      </Unit>
      <Unit filename="C:/Users/Nicholas/Documents/GitHub/MTI835/external/bullet3/BulletCollision/BroadphaseCollision/btMultiSapBroadphase.cpp">
         <Option target="main"/>
      </Unit>
      <Unit filename="C:/Users/Nicholas/Documents/GitHub/MTI835/external/bullet3/BulletCollision/BroadphaseCollision/btMultiSapBroadphase.h">
         <Option target="main"/>
      </Unit>
      <Unit filename="C:/Users/Nicholas/Documents/GitHub/MTI835/external/bullet3/BulletCollision/BroadphaseCollision/btOverlappingPairCache.cpp">
         <Option target="main"/>
      </Unit>
      <Unit filename="C:/Users/Nicholas/Documents/GitHub/MTI835/external/bullet3/BulletCollision/BroadphaseCollision/btOverlappingPairCache.h">
         <Option target="main"/>
      </Unit>
      <Unit filename="C:/Users/Nicholas/Documents/GitHub/MTI835/external/bullet3/BulletCollision/BroadphaseCollision/btQuantizedBvh.cpp">
         <Option target="main"/>
      </Unit>
      <Unit filename="C:/Users/Nicholas/Documents/GitHub/MTI835/external/bullet3/BulletCollision/BroadphaseCollision/btQuantizedBvh.h">
         <Option target="main"/>
      </Unit>
      <Unit filename="C:/Users/Nicholas/Documents/GitHub/MTI835/external/bullet3/BulletCollision/BroadphaseCollision/btSimpleBroadphase.cpp">
         <Option target="main"/>
      </Unit>
      <Unit filename="C:/Users/Nicholas/Documents/GitHub/MTI835/external/bullet3/BulletCollision/BroadphaseCollision/btSimpleBroadphase.h">
         <Option target="main"/>
      </Unit>
      <Unit filename="C:/Users/Nicholas/Documents/GitHub/MTI835/external/bullet3/BulletCollision/CollisionDispatch/SphereTriangleDetector.cpp">
         <Option target="main"/>
      </Unit>
      <Unit filename="C:/Users/Nicholas/Documents/GitHub/MTI835/external/bullet3/BulletCollision/CollisionDispatch/SphereTriangleDetector.h">
         <Option target="main"/>
      </Unit>
      <Unit filename="C:/Users/Nicholas/Documents/GitHub/MTI835/external/bullet3/BulletCollision/CollisionDispatch/btActivatingCollisionAlgorithm.cpp">
         <Option target="main"/>
      </Unit>
      <Unit filename="C:/Users/Nicholas/Documents/GitHub/MTI835/external/bullet3/BulletCollision/CollisionDispatch/btActivatingCollisionAlgorithm.h">
         <Option target="main"/>
      </Unit>
      <Unit filename="C:/Users/Nicholas/Documents/GitHub/MTI835/external/bullet3/BulletCollision/CollisionDispatch/btBox2dBox2dCollisionAlgorithm.cpp">
         <Option target="main"/>
      </Unit>
      <Unit filename="C:/Users/Nicholas/Documents/GitHub/MTI835/external/bullet3/BulletCollision/CollisionDispatch/btBox2dBox2dCollisionAlgorithm.h">
         <Option target="main"/>
      </Unit>
      <Unit filename="C:/Users/Nicholas/Documents/GitHub/MTI835/external/bullet3/BulletCollision/CollisionDispatch/btBoxBoxCollisionAlgorithm.cpp">
         <Option target="main"/>
      </Unit>
      <Unit filename="C:/Users/Nicholas/Documents/GitHub/MTI835/external/bullet3/BulletCollision/CollisionDispatch/btBoxBoxCollisionAlgorithm.h">
         <Option target="main"/>
      </Unit>
      <Unit filename="C:/Users/Nicholas/Documents/GitHub/MTI835/external/bullet3/BulletCollision/CollisionDispatch/btBoxBoxDetector.cpp">
         <Option target="main"/>
      </Unit>
      <Unit filename="C:/Users/Nicholas/Documents/GitHub/MTI835/external/bullet3/BulletCollision/CollisionDispatch/btBoxBoxDetector.h">
         <Option target="main"/>
      </Unit>
      <Unit filename="C:/Users/Nicholas/Documents/GitHub/MTI835/external/bullet3/BulletCollision/CollisionDispatch/btCollisionDispatcher.cpp">
         <Option target="main"/>
      </Unit>
      <Unit filename="C:/Users/Nicholas/Documents/GitHub/MTI835/external/bullet3/BulletCollision/CollisionDispatch/btCollisionDispatcher.h">
         <Option target="main"/>
      </Unit>
      <Unit filename="C:/Users/Nicholas/Documents/GitHub/MTI835/external/bullet3/BulletCollision/CollisionDispatch/btCollisionObject.cpp">
         <Option target="main"/>
      </Unit>
      <Unit filename="C:/Users/Nicholas/Documents/GitHub/MTI835/external/bullet3/BulletCollision/CollisionDispatch/btCollisionObject.h">
         <Option target="main"/>
      </Unit>
      <Unit filename="C:/Users/Nicholas/Documents/GitHub/MTI835/external/bullet3/BulletCollision/CollisionDispatch/btCollisionWorld.cpp">
         <Option target="main"/>
      </Unit>
      <Unit filename="C:/Users/Nicholas/Documents/GitHub/MTI835/external/bullet3/BulletCollision/CollisionDispatch/btCollisionWorld.h">
         <Option target="main"/>
      </Unit>
      <Unit filename="C:/Users/Nicholas/Documents/GitHub/MTI835/external/bullet3/BulletCollision/CollisionDispatch/btCollisionWorldImporter.cpp">
         <Option target="main"/>
      </Unit>
      <Unit filename="C:/Users/Nicholas/Documents/GitHub/MTI835/external/bullet3/BulletCollision/CollisionDispatch/btCollisionWorldImporter.h">
         <Option target="main"/>
      </Unit>
      <Unit filename="C:/Users/Nicholas/Documents/GitHub/MTI835/external/bullet3/BulletCollision/CollisionDispatch/btCompoundCollisionAlgorithm.cpp">
         <Option target="main"/>
      </Unit>
      <Unit filename="C:/Users/Nicholas/Documents/GitHub/MTI835/external/bullet3/BulletCollision/CollisionDispatch/btCompoundCollisionAlgorithm.h">
         <Option target="main"/>
      </Unit>
      <Unit filename="C:/Users/Nicholas/Documents/GitHub/MTI835/external/bullet3/BulletCollision/CollisionDispatch/btCompoundCompoundCollisionAlgorithm.cpp">
         <Option target="main"/>
      </Unit>
      <Unit filename="C:/Users/Nicholas/Documents/GitHub/MTI835/external/bullet3/BulletCollision/CollisionDispatch/btCompoundCompoundCollisionAlgorithm.h">
         <Option target="main"/>
      </Unit>
      <Unit filename="C:/Users/Nicholas/Documents/GitHub/MTI835/external/bullet3/BulletCollision/CollisionDispatch/btConvex2dConvex2dAlgorithm.cpp">
         <Option target="main"/>
      </Unit>
      <Unit filename="C:/Users/Nicholas/Documents/GitHub/MTI835/external/bullet3/BulletCollision/CollisionDispatch/btConvex2dConvex2dAlgorithm.h">
         <Option target="main"/>
      </Unit>
      <Unit filename="C:/Users/Nicholas/Documents/GitHub/MTI835/external/bullet3/BulletCollision/CollisionDispatch/btConvexConcaveCollisionAlgorithm.cpp">
         <Option target="main"/>
      </Unit>
      <Unit filename="C:/Users/Nicholas/Documents/GitHub/MTI835/external/bullet3/BulletCollision/CollisionDispatch/btConvexConcaveCollisionAlgorithm.h">
         <Option target="main"/>
      </Unit>
      <Unit filename="C:/Users/Nicholas/Documents/GitHub/MTI835/external/bullet3/BulletCollision/CollisionDispatch/btConvexConvexAlgorithm.cpp">
         <Option target="main"/>
      </Unit>
      <Unit filename="C:/Users/Nicholas/Documents/GitHub/MTI835/external/bullet3/BulletCollision/CollisionDispatch/btConvexConvexAlgorithm.h">
         <Option target="main"/>
      </Unit>
      <Unit filename="C:/Users/Nicholas/Documents/GitHub/MTI835/external/bullet3/BulletCollision/CollisionDispatch/btConvexPlaneCollisionAlgorithm.cpp">
         <Option target="main"/>
      </Unit>
      <Unit filename="C:/Users/Nicholas/Documents/GitHub/MTI835/external/bullet3/BulletCollision/CollisionDispatch/btConvexPlaneCollisionAlgorithm.h">
         <Option target="main"/>
      </Unit>
      <Unit filename="C:/Users/Nicholas/Documents/GitHub/MTI835/external/bullet3/BulletCollision/CollisionDispatch/btDefaultCollisionConfiguration.cpp">
         <Option target="main"/>
      </Unit>
      <Unit filename="C:/Users/Nicholas/Documents/GitHub/MTI835/external/bullet3/BulletCollision/CollisionDispatch/btDefaultCollisionConfiguration.h">
         <Option target="main"/>
      </Unit>
      <Unit filename="C:/Users/Nicholas/Documents/GitHub/MTI835/external/bullet3/BulletCollision/CollisionDispatch/btEmptyCollisionAlgorithm.cpp">
         <Option target="main"/>
      </Unit>
      <Unit filename="C:/Users/Nicholas/Documents/GitHub/MTI835/external/bullet3/BulletCollision/CollisionDispatch/btEmptyCollisionAlgorithm.h">
         <Option target="main"/>
      </Unit>
      <Unit filename="C:/Users/Nicholas/Documents/GitHub/MTI835/external/bullet3/BulletCollision/CollisionDispatch/btGhostObject.cpp">
         <Option target="main"/>
      </Unit>
      <Unit filename="C:/Users/Nicholas/Documents/GitHub/MTI835/external/bullet3/BulletCollision/CollisionDispatch/btGhostObject.h">
         <Option target="main"/>
      </Unit>
      <Unit filename="C:/Users/Nicholas/Documents/GitHub/MTI835/external/bullet3/BulletCollision/CollisionDispatch/btHashedSimplePairCache.cpp">
         <Option target="main"/>
      </Unit>
      <Unit filename="C:/Users/Nicholas/Documents/GitHub/MTI835/external/bullet3/BulletCollision/CollisionDispatch/btHashedSimplePairCache.h">
         <Option target="main"/>
      </Unit>
      <Unit filename="C:/Users/Nicholas/Documents/GitHub/MTI835/external/bullet3/BulletCollision/CollisionDispatch/btInternalEdgeUtility.cpp">
         <Option target="main"/>
      </Unit>
      <Unit filename="C:/Users/Nicholas/Documents/GitHub/MTI835/external/bullet3/BulletCollision/CollisionDispatch/btInternalEdgeUtility.h">
         <Option target="main"/>
      </Unit>
      <Unit filename="C:/Users/Nicholas/Documents/GitHub/MTI835/external/bullet3/BulletCollision/CollisionDispatch/btManifoldResult.cpp">
         <Option target="main"/>
      </Unit>
      <Unit filename="C:/Users/Nicholas/Documents/GitHub/MTI835/external/bullet3/BulletCollision/CollisionDispatch/btManifoldResult.h">
         <Option target="main"/>
      </Unit>
      <Unit filename="C:/Users/Nicholas/Documents/GitHub/MTI835/external/bullet3/BulletCollision/CollisionDispatch/btSimulationIslandManager.cpp">
         <Option target="main"/>
      </Unit>
      <Unit filename="C:/Users/Nicholas/Documents/GitHub/MTI835/external/bullet3/BulletCollision/CollisionDispatch/btSimulationIslandManager.h">
         <Option target="main"/>
      </Unit>
      <Unit filename="C:/Users/Nicholas/Documents/GitHub/MTI835/external/bullet3/BulletCollision/CollisionDispatch/btSphereBoxCollisionAlgorithm.cpp">
         <Option target="main"/>
      </Unit>
      <Unit filename="C:/Users/Nicholas/Documents/GitHub/MTI835/external/bullet3/BulletCollision/CollisionDispatch/btSphereBoxCollisionAlgorithm.h">
         <Option target="main"/>
      </Unit>
      <Unit filename="C:/Users/Nicholas/Documents/GitHub/MTI835/external/bullet3/BulletCollision/CollisionDispatch/btSphereSphereCollisionAlgorithm.cpp">
         <Option target="main"/>
      </Unit>
      <Unit filename="C:/Users/Nicholas/Documents/GitHub/MTI835/external/bullet3/BulletCollision/CollisionDispatch/btSphereSphereCollisionAlgorithm.h">
         <Option target="main"/>
      </Unit>
      <Unit filename="C:/Users/Nicholas/Documents/GitHub/MTI835/external/bullet3/BulletCollision/CollisionDispatch/btSphereTriangleCollisionAlgorithm.cpp">
         <Option target="main"/>
      </Unit>
      <Unit filename="C:/Users/Nicholas/Documents/GitHub/MTI835/external/bullet3/BulletCollision/CollisionDispatch/btSphereTriangleCollisionAlgorithm.h">
         <Option target="main"/>
      </Unit>
      <Unit filename="C:/Users/Nicholas/Documents/GitHub/MTI835/external/bullet3/BulletCollision/CollisionDispatch/btUnionFind.cpp">
         <Option target="main"/>
      </Unit>
      <Unit filename="C:/Users/Nicholas/Documents/GitHub/MTI835/external/bullet3/BulletCollision/CollisionDispatch/btUnionFind.h">
         <Option target="main"/>
      </Unit>
      <Unit filename="C:/Users/Nicholas/Documents/GitHub/MTI835/external/bullet3/BulletCollision/CollisionShapes/btBox2dShape.cpp">
         <Option target="main"/>
      </Unit>
      <Unit filename="C:/Users/Nicholas/Documents/GitHub/MTI835/external/bullet3/BulletCollision/CollisionShapes/btBox2dShape.h">
         <Option target="main"/>
      </Unit>
      <Unit filename="C:/Users/Nicholas/Documents/GitHub/MTI835/external/bullet3/BulletCollision/CollisionShapes/btBoxShape.cpp">
         <Option target="main"/>
      </Unit>
      <Unit filename="C:/Users/Nicholas/Documents/GitHub/MTI835/external/bullet3/BulletCollision/CollisionShapes/btBoxShape.h">
         <Option target="main"/>
      </Unit>
      <Unit filename="C:/Users/Nicholas/Documents/GitHub/MTI835/external/bullet3/BulletCollision/CollisionShapes/btBvhTriangleMeshShape.cpp">
         <Option target="main"/>
      </Unit>
      <Unit filename="C:/Users/Nicholas/Documents/GitHub/MTI835/external/bullet3/BulletCollision/CollisionShapes/btBvhTriangleMeshShape.h">
         <Option target="main"/>
      </Unit>
      <Unit filename="C:/Users/Nicholas/Documents/GitHub/MTI835/external/bullet3/BulletCollision/CollisionShapes/btCapsuleShape.cpp">
         <Option target="main"/>
      </Unit>
      <Unit filename="C:/Users/Nicholas/Documents/GitHub/MTI835/external/bullet3/BulletCollision/CollisionShapes/btCapsuleShape.h">
         <Option target="main"/>
      </Unit>
      <Unit filename="C:/Users/Nicholas/Documents/GitHub/MTI835/external/bullet3/BulletCollision/CollisionShapes/btCollisionShape.cpp">
         <Option target="main"/>
      </Unit>
      <Unit filename="C:/Users/Nicholas/Documents/GitHub/MTI835/external/bullet3/BulletCollision/CollisionShapes/btCollisionShape.h">
         <Option target="main"/>
      </Unit>
      <Unit filename="C:/Users/Nicholas/Documents/GitHub/MTI835/external/bullet3/BulletCollision/CollisionShapes/btCompoundShape.cpp">
         <Option target="main"/>
      </Unit>
      <Unit filename="C:/Users/Nicholas/Documents/GitHub/MTI835/external/bullet3/BulletCollision/CollisionShapes/btCompoundShape.h">
         <Option target="main"/>
      </Unit>
      <Unit filename="C:/Users/Nicholas/Documents/GitHub/MTI835/external/bullet3/BulletCollision/CollisionShapes/btConcaveShape.cpp">
         <Option target="main"/>
      </Unit>
      <Unit filename="C:/Users/Nicholas/Documents/GitHub/MTI835/external/bullet3/BulletCollision/CollisionShapes/btConcaveShape.h">
         <Option target="main"/>
      </Unit>
      <Unit filename="C:/Users/Nicholas/Documents/GitHub/MTI835/external/bullet3/BulletCollision/CollisionShapes/btConeShape.cpp">
         <Option target="main"/>
      </Unit>
      <Unit filename="C:/Users/Nicholas/Documents/GitHub/MTI835/external/bullet3/BulletCollision/CollisionShapes/btConeShape.h">
         <Option target="main"/>
      </Unit>
      <Unit filename="C:/Users/Nicholas/Documents/GitHub/MTI835/external/bullet3/BulletCollision/CollisionShapes/btConvex2dShape.cpp">
         <Option target="main"/>
      </Unit>
      <Unit filename="C:/Users/Nicholas/Documents/GitHub/MTI835/external/bullet3/BulletCollision/CollisionShapes/btConvex2dShape.h">
         <Option target="main"/>
      </Unit>
      <Unit filename="C:/Users/Nicholas/Documents/GitHub/MTI835/external/bullet3/BulletCollision/CollisionShapes/btConvexHullShape.cpp">
         <Option target="main"/>
      </Unit>
      <Unit filename="C:/Users/Nicholas/Documents/GitHub/MTI835/external/bullet3/BulletCollision/CollisionShapes/btConvexHullShape.h">
         <Option target="main"/>
      </Unit>
      <Unit filename="C:/Users/Nicholas/Documents/GitHub/MTI835/external/bullet3/BulletCollision/CollisionShapes/btConvexInternalShape.cpp">
         <Option target="main"/>
      </Unit>
      <Unit filename="C:/Users/Nicholas/Documents/GitHub/MTI835/external/bullet3/BulletCollision/CollisionShapes/btConvexInternalShape.h">
         <Option target="main"/>
      </Unit>
      <Unit filename="C:/Users/Nicholas/Documents/GitHub/MTI835/external/bullet3/BulletCollision/CollisionShapes/btConvexPointCloudShape.cpp">
         <Option target="main"/>
      </Unit>
      <Unit filename="C:/Users/Nicholas/Documents/GitHub/MTI835/external/bullet3/BulletCollision/CollisionShapes/btConvexPointCloudShape.h">
         <Option target="main"/>
      </Unit>
      <Unit filename="C:/Users/Nicholas/Documents/GitHub/MTI835/external/bullet3/BulletCollision/CollisionShapes/btConvexPolyhedron.cpp">
         <Option target="main"/>
      </Unit>
      <Unit filename="C:/Users/Nicholas/Documents/GitHub/MTI835/external/bullet3/BulletCollision/CollisionShapes/btConvexPolyhedron.h">
         <Option target="main"/>
      </Unit>
      <Unit filename="C:/Users/Nicholas/Documents/GitHub/MTI835/external/bullet3/BulletCollision/CollisionShapes/btConvexShape.cpp">
         <Option target="main"/>
      </Unit>
      <Unit filename="C:/Users/Nicholas/Documents/GitHub/MTI835/external/bullet3/BulletCollision/CollisionShapes/btConvexShape.h">
         <Option target="main"/>
      </Unit>
      <Unit filename="C:/Users/Nicholas/Documents/GitHub/MTI835/external/bullet3/BulletCollision/CollisionShapes/btConvexTriangleMeshShape.cpp">
         <Option target="main"/>
      </Unit>
      <Unit filename="C:/Users/Nicholas/Documents/GitHub/MTI835/external/bullet3/BulletCollision/CollisionShapes/btConvexTriangleMeshShape.h">
         <Option target="main"/>
      </Unit>
      <Unit filename="C:/Users/Nicholas/Documents/GitHub/MTI835/external/bullet3/BulletCollision/CollisionShapes/btCylinderShape.cpp">
         <Option target="main"/>
      </Unit>
      <Unit filename="C:/Users/Nicholas/Documents/GitHub/MTI835/external/bullet3/BulletCollision/CollisionShapes/btCylinderShape.h">
         <Option target="main"/>
      </Unit>
      <Unit filename="C:/Users/Nicholas/Documents/GitHub/MTI835/external/bullet3/BulletCollision/CollisionShapes/btEmptyShape.cpp">
         <Option target="main"/>
      </Unit>
      <Unit filename="C:/Users/Nicholas/Documents/GitHub/MTI835/external/bullet3/BulletCollision/CollisionShapes/btEmptyShape.h">
         <Option target="main"/>
      </Unit>
      <Unit filename="C:/Users/Nicholas/Documents/GitHub/MTI835/external/bullet3/BulletCollision/CollisionShapes/btHeightfieldTerrainShape.cpp">
         <Option target="main"/>
      </Unit>
      <Unit filename="C:/Users/Nicholas/Documents/GitHub/MTI835/external/bullet3/BulletCollision/CollisionShapes/btHeightfieldTerrainShape.h">
         <Option target="main"/>
      </Unit>
      <Unit filename="C:/Users/Nicholas/Documents/GitHub/MTI835/external/bullet3/BulletCollision/CollisionShapes/btMinkowskiSumShape.cpp">
         <Option target="main"/>
      </Unit>
      <Unit filename="C:/Users/Nicholas/Documents/GitHub/MTI835/external/bullet3/BulletCollision/CollisionShapes/btMinkowskiSumShape.h">
         <Option target="main"/>
      </Unit>
      <Unit filename="C:/Users/Nicholas/Documents/GitHub/MTI835/external/bullet3/BulletCollision/CollisionShapes/btMultiSphereShape.cpp">
         <Option target="main"/>
      </Unit>
      <Unit filename="C:/Users/Nicholas/Documents/GitHub/MTI835/external/bullet3/BulletCollision/CollisionShapes/btMultiSphereShape.h">
         <Option target="main"/>
      </Unit>
      <Unit filename="C:/Users/Nicholas/Documents/GitHub/MTI835/external/bullet3/BulletCollision/CollisionShapes/btMultimaterialTriangleMeshShape.cpp">
         <Option target="main"/>
      </Unit>
      <Unit filename="C:/Users/Nicholas/Documents/GitHub/MTI835/external/bullet3/BulletCollision/CollisionShapes/btMultimaterialTriangleMeshShape.h">
         <Option target="main"/>
      </Unit>
      <Unit filename="C:/Users/Nicholas/Documents/GitHub/MTI835/external/bullet3/BulletCollision/CollisionShapes/btOptimizedBvh.cpp">
         <Option target="main"/>
      </Unit>
      <Unit filename="C:/Users/Nicholas/Documents/GitHub/MTI835/external/bullet3/BulletCollision/CollisionShapes/btOptimizedBvh.h">
         <Option target="main"/>
      </Unit>
      <Unit filename="C:/Users/Nicholas/Documents/GitHub/MTI835/external/bullet3/BulletCollision/CollisionShapes/btPolyhedralConvexShape.cpp">
         <Option target="main"/>
      </Unit>
      <Unit filename="C:/Users/Nicholas/Documents/GitHub/MTI835/external/bullet3/BulletCollision/CollisionShapes/btPolyhedralConvexShape.h">
         <Option target="main"/>
      </Unit>
      <Unit filename="C:/Users/Nicholas/Documents/GitHub/MTI835/external/bullet3/BulletCollision/CollisionShapes/btScaledBvhTriangleMeshShape.cpp">
         <Option target="main"/>
      </Unit>
      <Unit filename="C:/Users/Nicholas/Documents/GitHub/MTI835/external/bullet3/BulletCollision/CollisionShapes/btScaledBvhTriangleMeshShape.h">
         <Option target="main"/>
      </Unit>
      <Unit filename="C:/Users/Nicholas/Documents/GitHub/MTI835/external/bullet3/BulletCollision/CollisionShapes/btShapeHull.cpp">
         <Option target="main"/>
      </Unit>
      <Unit filename="C:/Users/Nicholas/Documents/GitHub/MTI835/external/bullet3/BulletCollision/CollisionShapes/btShapeHull.h">
         <Option target="main"/>
      </Unit>
      <Unit filename="C:/Users/Nicholas/Documents/GitHub/MTI835/external/bullet3/BulletCollision/CollisionShapes/btSphereShape.cpp">
         <Option target="main"/>
      </Unit>
      <Unit filename="C:/Users/Nicholas/Documents/GitHub/MTI835/external/bullet3/BulletCollision/CollisionShapes/btSphereShape.h">
         <Option target="main"/>
      </Unit>
      <Unit filename="C:/Users/Nicholas/Documents/GitHub/MTI835/external/bullet3/BulletCollision/CollisionShapes/btStaticPlaneShape.cpp">
         <Option target="main"/>
      </Unit>
      <Unit filename="C:/Users/Nicholas/Documents/GitHub/MTI835/external/bullet3/BulletCollision/CollisionShapes/btStaticPlaneShape.h">
         <Option target="main"/>
      </Unit>
      <Unit filename="C:/Users/Nicholas/Documents/GitHub/MTI835/external/bullet3/BulletCollision/CollisionShapes/btStridingMeshInterface.cpp">
         <Option target="main"/>
      </Unit>
      <Unit filename="C:/Users/Nicholas/Documents/GitHub/MTI835/external/bullet3/BulletCollision/CollisionShapes/btStridingMeshInterface.h">
         <Option target="main"/>
      </Unit>
      <Unit filename="C:/Users/Nicholas/Documents/GitHub/MTI835/external/bullet3/BulletCollision/CollisionShapes/btTetrahedronShape.cpp">
         <Option target="main"/>
      </Unit>
      <Unit filename="C:/Users/Nicholas/Documents/GitHub/MTI835/external/bullet3/BulletCollision/CollisionShapes/btTetrahedronShape.h">
         <Option target="main"/>
      </Unit>
      <Unit filename="C:/Users/Nicholas/Documents/GitHub/MTI835/external/bullet3/BulletCollision/CollisionShapes/btTriangleBuffer.cpp">
         <Option target="main"/>
      </Unit>
      <Unit filename="C:/Users/Nicholas/Documents/GitHub/MTI835/external/bullet3/BulletCollision/CollisionShapes/btTriangleBuffer.h">
         <Option target="main"/>
      </Unit>
      <Unit filename="C:/Users/Nicholas/Documents/GitHub/MTI835/external/bullet3/BulletCollision/CollisionShapes/btTriangleCallback.cpp">
         <Option target="main"/>
      </Unit>
      <Unit filename="C:/Users/Nicholas/Documents/GitHub/MTI835/external/bullet3/BulletCollision/CollisionShapes/btTriangleCallback.h">
         <Option target="main"/>
      </Unit>
      <Unit filename="C:/Users/Nicholas/Documents/GitHub/MTI835/external/bullet3/BulletCollision/CollisionShapes/btTriangleIndexVertexArray.cpp">
         <Option target="main"/>
      </Unit>
      <Unit filename="C:/Users/Nicholas/Documents/GitHub/MTI835/external/bullet3/BulletCollision/CollisionShapes/btTriangleIndexVertexArray.h">
         <Option target="main"/>
      </Unit>
      <Unit filename="C:/Users/Nicholas/Documents/GitHub/MTI835/external/bullet3/BulletCollision/CollisionShapes/btTriangleIndexVertexMaterialArray.cpp">
         <Option target="main"/>
      </Unit>
      <Unit filename="C:/Users/Nicholas/Documents/GitHub/MTI835/external/bullet3/BulletCollision/CollisionShapes/btTriangleIndexVertexMaterialArray.h">
         <Option target="main"/>
      </Unit>
      <Unit filename="C:/Users/Nicholas/Documents/GitHub/MTI835/external/bullet3/BulletCollision/CollisionShapes/btTriangleMesh.cpp">
         <Option target="main"/>
      </Unit>
      <Unit filename="C:/Users/Nicholas/Documents/GitHub/MTI835/external/bullet3/BulletCollision/CollisionShapes/btTriangleMesh.h">
         <Option target="main"/>
      </Unit>
      <Unit filename="C:/Users/Nicholas/Documents/GitHub/MTI835/external/bullet3/BulletCollision/CollisionShapes/btTriangleMeshShape.cpp">
         <Option target="main"/>
      </Unit>
      <Unit filename="C:/Users/Nicholas/Documents/GitHub/MTI835/external/bullet3/BulletCollision/CollisionShapes/btTriangleMeshShape.h">
         <Option target="main"/>
      </Unit>
      <Unit filename="C:/Users/Nicholas/Documents/GitHub/MTI835/external/bullet3/BulletCollision/CollisionShapes/btUniformScalingShape.cpp">
         <Option target="main"/>
      </Unit>
      <Unit filename="C:/Users/Nicholas/Documents/GitHub/MTI835/external/bullet3/BulletCollision/CollisionShapes/btUniformScalingShape.h">
         <Option target="main"/>
      </Unit>
      <Unit filename="C:/Users/Nicholas/Documents/GitHub/MTI835/external/bullet3/BulletCollision/Gimpact/btContactProcessing.cpp">
         <Option target="main"/>
      </Unit>
      <Unit filename="C:/Users/Nicholas/Documents/GitHub/MTI835/external/bullet3/BulletCollision/Gimpact/btContactProcessing.h">
         <Option target="main"/>
      </Unit>
      <Unit filename="C:/Users/Nicholas/Documents/GitHub/MTI835/external/bullet3/BulletCollision/Gimpact/btGImpactBvh.cpp">
         <Option target="main"/>
      </Unit>
      <Unit filename="C:/Users/Nicholas/Documents/GitHub/MTI835/external/bullet3/BulletCollision/Gimpact/btGImpactBvh.h">
         <Option target="main"/>
      </Unit>
      <Unit filename="C:/Users/Nicholas/Documents/GitHub/MTI835/external/bullet3/BulletCollision/Gimpact/btGImpactCollisionAlgorithm.cpp">
         <Option target="main"/>
      </Unit>
      <Unit filename="C:/Users/Nicholas/Documents/GitHub/MTI835/external/bullet3/BulletCollision/Gimpact/btGImpactCollisionAlgorithm.h">
         <Option target="main"/>
      </Unit>
      <Unit filename="C:/Users/Nicholas/Documents/GitHub/MTI835/external/bullet3/BulletCollision/Gimpact/btGImpactQuantizedBvh.cpp">
         <Option target="main"/>
      </Unit>
      <Unit filename="C:/Users/Nicholas/Documents/GitHub/MTI835/external/bullet3/BulletCollision/Gimpact/btGImpactQuantizedBvh.h">
         <Option target="main"/>
      </Unit>
      <Unit filename="C:/Users/Nicholas/Documents/GitHub/MTI835/external/bullet3/BulletCollision/Gimpact/btGImpactShape.cpp">
         <Option target="main"/>
      </Unit>
      <Unit filename="C:/Users/Nicholas/Documents/GitHub/MTI835/external/bullet3/BulletCollision/Gimpact/btGImpactShape.h">
         <Option target="main"/>
      </Unit>
      <Unit filename="C:/Users/Nicholas/Documents/GitHub/MTI835/external/bullet3/BulletCollision/Gimpact/btGenericPoolAllocator.cpp">
         <Option target="main"/>
      </Unit>
      <Unit filename="C:/Users/Nicholas/Documents/GitHub/MTI835/external/bullet3/BulletCollision/Gimpact/btGenericPoolAllocator.h">
         <Option target="main"/>
      </Unit>
      <Unit filename="C:/Users/Nicholas/Documents/GitHub/MTI835/external/bullet3/BulletCollision/Gimpact/btTriangleShapeEx.cpp">
         <Option target="main"/>
      </Unit>
      <Unit filename="C:/Users/Nicholas/Documents/GitHub/MTI835/external/bullet3/BulletCollision/Gimpact/btTriangleShapeEx.h">
         <Option target="main"/>
      </Unit>
      <Unit filename="C:/Users/Nicholas/Documents/GitHub/MTI835/external/bullet3/BulletCollision/Gimpact/gim_box_set.cpp">
         <Option target="main"/>
      </Unit>
      <Unit filename="C:/Users/Nicholas/Documents/GitHub/MTI835/external/bullet3/BulletCollision/Gimpact/gim_box_set.h">
         <Option target="main"/>
      </Unit>
      <Unit filename="C:/Users/Nicholas/Documents/GitHub/MTI835/external/bullet3/BulletCollision/Gimpact/gim_contact.cpp">
         <Option target="main"/>
      </Unit>
      <Unit filename="C:/Users/Nicholas/Documents/GitHub/MTI835/external/bullet3/BulletCollision/Gimpact/gim_contact.h">
         <Option target="main"/>
      </Unit>
      <Unit filename="C:/Users/Nicholas/Documents/GitHub/MTI835/external/bullet3/BulletCollision/Gimpact/gim_memory.cpp">
         <Option target="main"/>
      </Unit>
      <Unit filename="C:/Users/Nicholas/Documents/GitHub/MTI835/external/bullet3/BulletCollision/Gimpact/gim_memory.h">
         <Option target="main"/>
      </Unit>
      <Unit filename="C:/Users/Nicholas/Documents/GitHub/MTI835/external/bullet3/BulletCollision/Gimpact/gim_tri_collision.cpp">
         <Option target="main"/>
      </Unit>
      <Unit filename="C:/Users/Nicholas/Documents/GitHub/MTI835/external/bullet3/BulletCollision/Gimpact/gim_tri_collision.h">
         <Option target="main"/>
      </Unit>
      <Unit filename="C:/Users/Nicholas/Documents/GitHub/MTI835/external/bullet3/BulletCollision/NarrowPhaseCollision/btContinuousConvexCollision.cpp">
         <Option target="main"/>
      </Unit>
      <Unit filename="C:/Users/Nicholas/Documents/GitHub/MTI835/external/bullet3/BulletCollision/NarrowPhaseCollision/btContinuousConvexCollision.h">
         <Option target="main"/>
      </Unit>
      <Unit filename="C:/Users/Nicholas/Documents/GitHub/MTI835/external/bullet3/BulletCollision/NarrowPhaseCollision/btConvexCast.cpp">
         <Option target="main"/>
      </Unit>
      <Unit filename="C:/Users/Nicholas/Documents/GitHub/MTI835/external/bullet3/BulletCollision/NarrowPhaseCollision/btConvexCast.h">
         <Option target="main"/>
      </Unit>
      <Unit filename="C:/Users/Nicholas/Documents/GitHub/MTI835/external/bullet3/BulletCollision/NarrowPhaseCollision/btGjkConvexCast.cpp">
         <Option target="main"/>
      </Unit>
      <Unit filename="C:/Users/Nicholas/Documents/GitHub/MTI835/external/bullet3/BulletCollision/NarrowPhaseCollision/btGjkConvexCast.h">
         <Option target="main"/>
      </Unit>
      <Unit filename="C:/Users/Nicholas/Documents/GitHub/MTI835/external/bullet3/BulletCollision/NarrowPhaseCollision/btGjkEpa2.cpp">
         <Option target="main"/>
      </Unit>
      <Unit filename="C:/Users/Nicholas/Documents/GitHub/MTI835/external/bullet3/BulletCollision/NarrowPhaseCollision/btGjkEpa2.h">
         <Option target="main"/>
      </Unit>
      <Unit filename="C:/Users/Nicholas/Documents/GitHub/MTI835/external/bullet3/BulletCollision/NarrowPhaseCollision/btGjkEpaPenetrationDepthSolver.cpp">
         <Option target="main"/>
      </Unit>
      <Unit filename="C:/Users/Nicholas/Documents/GitHub/MTI835/external/bullet3/BulletCollision/NarrowPhaseCollision/btGjkEpaPenetrationDepthSolver.h">
         <Option target="main"/>
      </Unit>
      <Unit filename="C:/Users/Nicholas/Documents/GitHub/MTI835/external/bullet3/BulletCollision/NarrowPhaseCollision/btGjkPairDetector.cpp">
         <Option target="main"/>
      </Unit>
      <Unit filename="C:/Users/Nicholas/Documents/GitHub/MTI835/external/bullet3/BulletCollision/NarrowPhaseCollision/btGjkPairDetector.h">
         <Option target="main"/>
      </Unit>
      <Unit filename="C:/Users/Nicholas/Documents/GitHub/MTI835/external/bullet3/BulletCollision/NarrowPhaseCollision/btMinkowskiPenetrationDepthSolver.cpp">
         <Option target="main"/>
      </Unit>
      <Unit filename="C:/Users/Nicholas/Documents/GitHub/MTI835/external/bullet3/BulletCollision/NarrowPhaseCollision/btMinkowskiPenetrationDepthSolver.h">
         <Option target="main"/>
      </Unit>
      <Unit filename="C:/Users/Nicholas/Documents/GitHub/MTI835/external/bullet3/BulletCollision/NarrowPhaseCollision/btPersistentManifold.cpp">
         <Option target="main"/>
      </Unit>
      <Unit filename="C:/Users/Nicholas/Documents/GitHub/MTI835/external/bullet3/BulletCollision/NarrowPhaseCollision/btPersistentManifold.h">
         <Option target="main"/>
      </Unit>
      <Unit filename="C:/Users/Nicholas/Documents/GitHub/MTI835/external/bullet3/BulletCollision/NarrowPhaseCollision/btPolyhedralContactClipping.cpp">
         <Option target="main"/>
      </Unit>
      <Unit filename="C:/Users/Nicholas/Documents/GitHub/MTI835/external/bullet3/BulletCollision/NarrowPhaseCollision/btPolyhedralContactClipping.h">
         <Option target="main"/>
      </Unit>
      <Unit filename="C:/Users/Nicholas/Documents/GitHub/MTI835/external/bullet3/BulletCollision/NarrowPhaseCollision/btRaycastCallback.cpp">
         <Option target="main"/>
      </Unit>
      <Unit filename="C:/Users/Nicholas/Documents/GitHub/MTI835/external/bullet3/BulletCollision/NarrowPhaseCollision/btRaycastCallback.h">
         <Option target="main"/>
      </Unit>
      <Unit filename="C:/Users/Nicholas/Documents/GitHub/MTI835/external/bullet3/BulletCollision/NarrowPhaseCollision/btSubSimplexConvexCast.cpp">
         <Option target="main"/>
      </Unit>
      <Unit filename="C:/Users/Nicholas/Documents/GitHub/MTI835/external/bullet3/BulletCollision/NarrowPhaseCollision/btSubSimplexConvexCast.h">
         <Option target="main"/>
      </Unit>
      <Unit filename="C:/Users/Nicholas/Documents/GitHub/MTI835/external/bullet3/BulletCollision/NarrowPhaseCollision/btVoronoiSimplexSolver.cpp">
         <Option target="main"/>
      </Unit>
      <Unit filename="C:/Users/Nicholas/Documents/GitHub/MTI835/external/bullet3/BulletCollision/NarrowPhaseCollision/btVoronoiSimplexSolver.h">
         <Option target="main"/>
      </Unit>
      <Unit filename="C:/Users/Nicholas/Documents/GitHub/MTI835/external/bullet3/BulletDynamics/Character/btKinematicCharacterController.cpp">
         <Option target="main"/>
      </Unit>
      <Unit filename="C:/Users/Nicholas/Documents/GitHub/MTI835/external/bullet3/BulletDynamics/Character/btKinematicCharacterController.h">
         <Option target="main"/>
      </Unit>
      <Unit filename="C:/Users/Nicholas/Documents/GitHub/MTI835/external/bullet3/BulletDynamics/ConstraintSolver/btConeTwistConstraint.cpp">
         <Option target="main"/>
      </Unit>
      <Unit filename="C:/Users/Nicholas/Documents/GitHub/MTI835/external/bullet3/BulletDynamics/ConstraintSolver/btConeTwistConstraint.h">
         <Option target="main"/>
      </Unit>
      <Unit filename="C:/Users/Nicholas/Documents/GitHub/MTI835/external/bullet3/BulletDynamics/ConstraintSolver/btContactConstraint.cpp">
         <Option target="main"/>
      </Unit>
      <Unit filename="C:/Users/Nicholas/Documents/GitHub/MTI835/external/bullet3/BulletDynamics/ConstraintSolver/btContactConstraint.h">
         <Option target="main"/>
      </Unit>
      <Unit filename="C:/Users/Nicholas/Documents/GitHub/MTI835/external/bullet3/BulletDynamics/ConstraintSolver/btFixedConstraint.cpp">
         <Option target="main"/>
      </Unit>
      <Unit filename="C:/Users/Nicholas/Documents/GitHub/MTI835/external/bullet3/BulletDynamics/ConstraintSolver/btFixedConstraint.h">
         <Option target="main"/>
      </Unit>
      <Unit filename="C:/Users/Nicholas/Documents/GitHub/MTI835/external/bullet3/BulletDynamics/ConstraintSolver/btGearConstraint.cpp">
         <Option target="main"/>
      </Unit>
      <Unit filename="C:/Users/Nicholas/Documents/GitHub/MTI835/external/bullet3/BulletDynamics/ConstraintSolver/btGearConstraint.h">
         <Option target="main"/>
      </Unit>
      <Unit filename="C:/Users/Nicholas/Documents/GitHub/MTI835/external/bullet3/BulletDynamics/ConstraintSolver/btGeneric6DofConstraint.cpp">
         <Option target="main"/>
      </Unit>
      <Unit filename="C:/Users/Nicholas/Documents/GitHub/MTI835/external/bullet3/BulletDynamics/ConstraintSolver/btGeneric6DofConstraint.h">
         <Option target="main"/>
      </Unit>
      <Unit filename="C:/Users/Nicholas/Documents/GitHub/MTI835/external/bullet3/BulletDynamics/ConstraintSolver/btGeneric6DofSpring2Constraint.cpp">
         <Option target="main"/>
      </Unit>
      <Unit filename="C:/Users/Nicholas/Documents/GitHub/MTI835/external/bullet3/BulletDynamics/ConstraintSolver/btGeneric6DofSpring2Constraint.h">
         <Option target="main"/>
      </Unit>
      <Unit filename="C:/Users/Nicholas/Documents/GitHub/MTI835/external/bullet3/BulletDynamics/ConstraintSolver/btGeneric6DofSpringConstraint.cpp">
         <Option target="main"/>
      </Unit>
      <Unit filename="C:/Users/Nicholas/Documents/GitHub/MTI835/external/bullet3/BulletDynamics/ConstraintSolver/btGeneric6DofSpringConstraint.h">
         <Option target="main"/>
      </Unit>
      <Unit filename="C:/Users/Nicholas/Documents/GitHub/MTI835/external/bullet3/BulletDynamics/ConstraintSolver/btHinge2Constraint.cpp">
         <Option target="main"/>
      </Unit>
      <Unit filename="C:/Users/Nicholas/Documents/GitHub/MTI835/external/bullet3/BulletDynamics/ConstraintSolver/btHinge2Constraint.h">
         <Option target="main"/>
      </Unit>
      <Unit filename="C:/Users/Nicholas/Documents/GitHub/MTI835/external/bullet3/BulletDynamics/ConstraintSolver/btHingeConstraint.cpp">
         <Option target="main"/>
      </Unit>
      <Unit filename="C:/Users/Nicholas/Documents/GitHub/MTI835/external/bullet3/BulletDynamics/ConstraintSolver/btHingeConstraint.h">
         <Option target="main"/>
      </Unit>
      <Unit filename="C:/Users/Nicholas/Documents/GitHub/MTI835/external/bullet3/BulletDynamics/ConstraintSolver/btNNCGConstraintSolver.cpp">
         <Option target="main"/>
      </Unit>
      <Unit filename="C:/Users/Nicholas/Documents/GitHub/MTI835/external/bullet3/BulletDynamics/ConstraintSolver/btNNCGConstraintSolver.h">
         <Option target="main"/>
      </Unit>
      <Unit filename="C:/Users/Nicholas/Documents/GitHub/MTI835/external/bullet3/BulletDynamics/ConstraintSolver/btPoint2PointConstraint.cpp">
         <Option target="main"/>
      </Unit>
      <Unit filename="C:/Users/Nicholas/Documents/GitHub/MTI835/external/bullet3/BulletDynamics/ConstraintSolver/btPoint2PointConstraint.h">
         <Option target="main"/>
      </Unit>
      <Unit filename="C:/Users/Nicholas/Documents/GitHub/MTI835/external/bullet3/BulletDynamics/ConstraintSolver/btSequentialImpulseConstraintSolver.cpp">
         <Option target="main"/>
      </Unit>
      <Unit filename="C:/Users/Nicholas/Documents/GitHub/MTI835/external/bullet3/BulletDynamics/ConstraintSolver/btSequentialImpulseConstraintSolver.h">
         <Option target="main"/>
      </Unit>
      <Unit filename="C:/Users/Nicholas/Documents/GitHub/MTI835/external/bullet3/BulletDynamics/ConstraintSolver/btSliderConstraint.cpp">
         <Option target="main"/>
      </Unit>
      <Unit filename="C:/Users/Nicholas/Documents/GitHub/MTI835/external/bullet3/BulletDynamics/ConstraintSolver/btSliderConstraint.h">
         <Option target="main"/>
      </Unit>
      <Unit filename="C:/Users/Nicholas/Documents/GitHub/MTI835/external/bullet3/BulletDynamics/ConstraintSolver/btSolve2LinearConstraint.cpp">
         <Option target="main"/>
      </Unit>
      <Unit filename="C:/Users/Nicholas/Documents/GitHub/MTI835/external/bullet3/BulletDynamics/ConstraintSolver/btSolve2LinearConstraint.h">
         <Option target="main"/>
      </Unit>
      <Unit filename="C:/Users/Nicholas/Documents/GitHub/MTI835/external/bullet3/BulletDynamics/ConstraintSolver/btTypedConstraint.cpp">
         <Option target="main"/>
      </Unit>
      <Unit filename="C:/Users/Nicholas/Documents/GitHub/MTI835/external/bullet3/BulletDynamics/ConstraintSolver/btTypedConstraint.h">
         <Option target="main"/>
      </Unit>
      <Unit filename="C:/Users/Nicholas/Documents/GitHub/MTI835/external/bullet3/BulletDynamics/ConstraintSolver/btUniversalConstraint.cpp">
         <Option target="main"/>
      </Unit>
      <Unit filename="C:/Users/Nicholas/Documents/GitHub/MTI835/external/bullet3/BulletDynamics/ConstraintSolver/btUniversalConstraint.h">
         <Option target="main"/>
      </Unit>
      <Unit filename="C:/Users/Nicholas/Documents/GitHub/MTI835/external/bullet3/BulletDynamics/Dynamics/btDiscreteDynamicsWorld.cpp">
         <Option target="main"/>
      </Unit>
      <Unit filename="C:/Users/Nicholas/Documents/GitHub/MTI835/external/bullet3/BulletDynamics/Dynamics/btDiscreteDynamicsWorld.h">
         <Option target="main"/>
      </Unit>
      <Unit filename="C:/Users/Nicholas/Documents/GitHub/MTI835/external/bullet3/BulletDynamics/Dynamics/btRigidBody.cpp">
         <Option target="main"/>
      </Unit>
      <Unit filename="C:/Users/Nicholas/Documents/GitHub/MTI835/external/bullet3/BulletDynamics/Dynamics/btRigidBody.h">
         <Option target="main"/>
      </Unit>
      <Unit filename="C:/Users/Nicholas/Documents/GitHub/MTI835/external/bullet3/BulletDynamics/Dynamics/btSimpleDynamicsWorld.cpp">
         <Option target="main"/>
      </Unit>
      <Unit filename="C:/Users/Nicholas/Documents/GitHub/MTI835/external/bullet3/BulletDynamics/Dynamics/btSimpleDynamicsWorld.h">
         <Option target="main"/>
      </Unit>
      <Unit filename="C:/Users/Nicholas/Documents/GitHub/MTI835/external/bullet3/BulletDynamics/Featherstone/btMultiBody.cpp">
         <Option target="main"/>
      </Unit>
      <Unit filename="C:/Users/Nicholas/Documents/GitHub/MTI835/external/bullet3/BulletDynamics/Featherstone/btMultiBody.h">
         <Option target="main"/>
      </Unit>
      <Unit filename="C:/Users/Nicholas/Documents/GitHub/MTI835/external/bullet3/BulletDynamics/Featherstone/btMultiBodyConstraint.cpp">
         <Option target="main"/>
      </Unit>
      <Unit filename="C:/Users/Nicholas/Documents/GitHub/MTI835/external/bullet3/BulletDynamics/Featherstone/btMultiBodyConstraint.h">
         <Option target="main"/>
      </Unit>
      <Unit filename="C:/Users/Nicholas/Documents/GitHub/MTI835/external/bullet3/BulletDynamics/Featherstone/btMultiBodyConstraintSolver.cpp">
         <Option target="main"/>
      </Unit>
      <Unit filename="C:/Users/Nicholas/Documents/GitHub/MTI835/external/bullet3/BulletDynamics/Featherstone/btMultiBodyConstraintSolver.h">
         <Option target="main"/>
      </Unit>
      <Unit filename="C:/Users/Nicholas/Documents/GitHub/MTI835/external/bullet3/BulletDynamics/Featherstone/btMultiBodyDynamicsWorld.cpp">
         <Option target="main"/>
      </Unit>
      <Unit filename="C:/Users/Nicholas/Documents/GitHub/MTI835/external/bullet3/BulletDynamics/Featherstone/btMultiBodyDynamicsWorld.h">
         <Option target="main"/>
      </Unit>
      <Unit filename="C:/Users/Nicholas/Documents/GitHub/MTI835/external/bullet3/BulletDynamics/Featherstone/btMultiBodyJointLimitConstraint.cpp">
         <Option target="main"/>
      </Unit>
      <Unit filename="C:/Users/Nicholas/Documents/GitHub/MTI835/external/bullet3/BulletDynamics/Featherstone/btMultiBodyJointLimitConstraint.h">
         <Option target="main"/>
      </Unit>
      <Unit filename="C:/Users/Nicholas/Documents/GitHub/MTI835/external/bullet3/BulletDynamics/Featherstone/btMultiBodyJointMotor.cpp">
         <Option target="main"/>
      </Unit>
      <Unit filename="C:/Users/Nicholas/Documents/GitHub/MTI835/external/bullet3/BulletDynamics/Featherstone/btMultiBodyJointMotor.h">
         <Option target="main"/>
      </Unit>
      <Unit filename="C:/Users/Nicholas/Documents/GitHub/MTI835/external/bullet3/BulletDynamics/Featherstone/btMultiBodyPoint2Point.cpp">
         <Option target="main"/>
      </Unit>
      <Unit filename="C:/Users/Nicholas/Documents/GitHub/MTI835/external/bullet3/BulletDynamics/Featherstone/btMultiBodyPoint2Point.h">
         <Option target="main"/>
      </Unit>
      <Unit filename="C:/Users/Nicholas/Documents/GitHub/MTI835/external/bullet3/BulletDynamics/MLCPSolvers/btDantzigLCP.cpp">
         <Option target="main"/>
      </Unit>
      <Unit filename="C:/Users/Nicholas/Documents/GitHub/MTI835/external/bullet3/BulletDynamics/MLCPSolvers/btDantzigLCP.h">
         <Option target="main"/>
      </Unit>
      <Unit filename="C:/Users/Nicholas/Documents/GitHub/MTI835/external/bullet3/BulletDynamics/MLCPSolvers/btLemkeAlgorithm.cpp">
         <Option target="main"/>
      </Unit>
      <Unit filename="C:/Users/Nicholas/Documents/GitHub/MTI835/external/bullet3/BulletDynamics/MLCPSolvers/btLemkeAlgorithm.h">
         <Option target="main"/>
      </Unit>
      <Unit filename="C:/Users/Nicholas/Documents/GitHub/MTI835/external/bullet3/BulletDynamics/MLCPSolvers/btMLCPSolver.cpp">
         <Option target="main"/>
      </Unit>
      <Unit filename="C:/Users/Nicholas/Documents/GitHub/MTI835/external/bullet3/BulletDynamics/MLCPSolvers/btMLCPSolver.h">
         <Option target="main"/>
      </Unit>
      <Unit filename="C:/Users/Nicholas/Documents/GitHub/MTI835/external/bullet3/BulletDynamics/Vehicle/btRaycastVehicle.cpp">
         <Option target="main"/>
      </Unit>
      <Unit filename="C:/Users/Nicholas/Documents/GitHub/MTI835/external/bullet3/BulletDynamics/Vehicle/btRaycastVehicle.h">
         <Option target="main"/>
      </Unit>
      <Unit filename="C:/Users/Nicholas/Documents/GitHub/MTI835/external/bullet3/BulletDynamics/Vehicle/btWheelInfo.cpp">
         <Option target="main"/>
      </Unit>
      <Unit filename="C:/Users/Nicholas/Documents/GitHub/MTI835/external/bullet3/BulletDynamics/Vehicle/btWheelInfo.h">
         <Option target="main"/>
      </Unit>
      <Unit filename="C:/Users/Nicholas/Documents/GitHub/MTI835/external/bullet3/BulletInverseDynamics/IDMath.cpp">
         <Option target="main"/>
      </Unit>
      <Unit filename="C:/Users/Nicholas/Documents/GitHub/MTI835/external/bullet3/BulletInverseDynamics/IDMath.hpp">
         <Option target="main"/>
      </Unit>
      <Unit filename="C:/Users/Nicholas/Documents/GitHub/MTI835/external/bullet3/BulletInverseDynamics/MultiBodyTree.cpp">
         <Option target="main"/>
      </Unit>
      <Unit filename="C:/Users/Nicholas/Documents/GitHub/MTI835/external/bullet3/BulletInverseDynamics/MultiBodyTree.hpp">
         <Option target="main"/>
      </Unit>
      <Unit filename="C:/Users/Nicholas/Documents/GitHub/MTI835/external/bullet3/BulletInverseDynamics/details/MultiBodyTreeImpl.cpp">
         <Option target="main"/>
      </Unit>
      <Unit filename="C:/Users/Nicholas/Documents/GitHub/MTI835/external/bullet3/BulletInverseDynamics/details/MultiBodyTreeImpl.hpp">
         <Option target="main"/>
      </Unit>
      <Unit filename="C:/Users/Nicholas/Documents/GitHub/MTI835/external/bullet3/BulletInverseDynamics/details/MultiBodyTreeInitCache.cpp">
         <Option target="main"/>
      </Unit>
      <Unit filename="C:/Users/Nicholas/Documents/GitHub/MTI835/external/bullet3/BulletInverseDynamics/details/MultiBodyTreeInitCache.hpp">
         <Option target="main"/>
      </Unit>
      <Unit filename="C:/Users/Nicholas/Documents/GitHub/MTI835/external/bullet3/BulletSoftBody/btDefaultSoftBodySolver.cpp">
         <Option target="main"/>
      </Unit>
      <Unit filename="C:/Users/Nicholas/Documents/GitHub/MTI835/external/bullet3/BulletSoftBody/btDefaultSoftBodySolver.h">
         <Option target="main"/>
      </Unit>
      <Unit filename="C:/Users/Nicholas/Documents/GitHub/MTI835/external/bullet3/BulletSoftBody/btSoftBody.cpp">
         <Option target="main"/>
      </Unit>
      <Unit filename="C:/Users/Nicholas/Documents/GitHub/MTI835/external/bullet3/BulletSoftBody/btSoftBody.h">
         <Option target="main"/>
      </Unit>
      <Unit filename="C:/Users/Nicholas/Documents/GitHub/MTI835/external/bullet3/BulletSoftBody/btSoftBodyConcaveCollisionAlgorithm.cpp">
         <Option target="main"/>
      </Unit>
      <Unit filename="C:/Users/Nicholas/Documents/GitHub/MTI835/external/bullet3/BulletSoftBody/btSoftBodyConcaveCollisionAlgorithm.h">
         <Option target="main"/>
      </Unit>
      <Unit filename="C:/Users/Nicholas/Documents/GitHub/MTI835/external/bullet3/BulletSoftBody/btSoftBodyHelpers.cpp">
         <Option target="main"/>
      </Unit>
      <Unit filename="C:/Users/Nicholas/Documents/GitHub/MTI835/external/bullet3/BulletSoftBody/btSoftBodyHelpers.h">
         <Option target="main"/>
      </Unit>
      <Unit filename="C:/Users/Nicholas/Documents/GitHub/MTI835/external/bullet3/BulletSoftBody/btSoftBodyRigidBodyCollisionConfiguration.cpp">
         <Option target="main"/>
      </Unit>
      <Unit filename="C:/Users/Nicholas/Documents/GitHub/MTI835/external/bullet3/BulletSoftBody/btSoftBodyRigidBodyCollisionConfiguration.h">
         <Option target="main"/>
      </Unit>
      <Unit filename="C:/Users/Nicholas/Documents/GitHub/MTI835/external/bullet3/BulletSoftBody/btSoftRigidCollisionAlgorithm.cpp">
         <Option target="main"/>
      </Unit>
      <Unit filename="C:/Users/Nicholas/Documents/GitHub/MTI835/external/bullet3/BulletSoftBody/btSoftRigidCollisionAlgorithm.h">
         <Option target="main"/>
      </Unit>
      <Unit filename="C:/Users/Nicholas/Documents/GitHub/MTI835/external/bullet3/BulletSoftBody/btSoftRigidDynamicsWorld.cpp">
         <Option target="main"/>
      </Unit>
      <Unit filename="C:/Users/Nicholas/Documents/GitHub/MTI835/external/bullet3/BulletSoftBody/btSoftRigidDynamicsWorld.h">
         <Option target="main"/>
      </Unit>
      <Unit filename="C:/Users/Nicholas/Documents/GitHub/MTI835/external/bullet3/BulletSoftBody/btSoftSoftCollisionAlgorithm.cpp">
         <Option target="main"/>
      </Unit>
      <Unit filename="C:/Users/Nicholas/Documents/GitHub/MTI835/external/bullet3/BulletSoftBody/btSoftSoftCollisionAlgorithm.h">
         <Option target="main"/>
      </Unit>
      <Unit filename="C:/Users/Nicholas/Documents/GitHub/MTI835/external/bullet3/LinearMath/btAlignedAllocator.cpp">
         <Option target="main"/>
      </Unit>
      <Unit filename="C:/Users/Nicholas/Documents/GitHub/MTI835/external/bullet3/LinearMath/btAlignedAllocator.h">
         <Option target="main"/>
      </Unit>
      <Unit filename="C:/Users/Nicholas/Documents/GitHub/MTI835/external/bullet3/LinearMath/btConvexHull.cpp">
         <Option target="main"/>
      </Unit>
      <Unit filename="C:/Users/Nicholas/Documents/GitHub/MTI835/external/bullet3/LinearMath/btConvexHull.h">
         <Option target="main"/>
      </Unit>
      <Unit filename="C:/Users/Nicholas/Documents/GitHub/MTI835/external/bullet3/LinearMath/btConvexHullComputer.cpp">
         <Option target="main"/>
      </Unit>
      <Unit filename="C:/Users/Nicholas/Documents/GitHub/MTI835/external/bullet3/LinearMath/btConvexHullComputer.h">
         <Option target="main"/>
      </Unit>
      <Unit filename="C:/Users/Nicholas/Documents/GitHub/MTI835/external/bullet3/LinearMath/btGeometryUtil.cpp">
         <Option target="main"/>
      </Unit>
      <Unit filename="C:/Users/Nicholas/Documents/GitHub/MTI835/external/bullet3/LinearMath/btGeometryUtil.h">
         <Option target="main"/>
      </Unit>
      <Unit filename="C:/Users/Nicholas/Documents/GitHub/MTI835/external/bullet3/LinearMath/btPolarDecomposition.cpp">
         <Option target="main"/>
      </Unit>
      <Unit filename="C:/Users/Nicholas/Documents/GitHub/MTI835/external/bullet3/LinearMath/btPolarDecomposition.h">
         <Option target="main"/>
      </Unit>
      <Unit filename="C:/Users/Nicholas/Documents/GitHub/MTI835/external/bullet3/LinearMath/btQuickprof.cpp">
         <Option target="main"/>
      </Unit>
      <Unit filename="C:/Users/Nicholas/Documents/GitHub/MTI835/external/bullet3/LinearMath/btQuickprof.h">
         <Option target="main"/>
      </Unit>
      <Unit filename="C:/Users/Nicholas/Documents/GitHub/MTI835/external/bullet3/LinearMath/btSerializer.cpp">
         <Option target="main"/>
      </Unit>
      <Unit filename="C:/Users/Nicholas/Documents/GitHub/MTI835/external/bullet3/LinearMath/btSerializer.h">
         <Option target="main"/>
      </Unit>
      <Unit filename="C:/Users/Nicholas/Documents/GitHub/MTI835/external/bullet3/LinearMath/btVector3.cpp">
         <Option target="main"/>
      </Unit>
      <Unit filename="C:/Users/Nicholas/Documents/GitHub/MTI835/external/bullet3/LinearMath/btVector3.h">
         <Option target="main"/>
      </Unit>
      <Unit filename="C:/Users/Nicholas/Documents/GitHub/MTI835/headers/particlefire.h">
         <Option target="main"/>
      </Unit>
      <Unit filename="C:/Users/Nicholas/Documents/GitHub/MTI835/headers/vkObjectMotionState.h">
         <Option target="main"/>
      </Unit>
      <Unit filename="C:/Users/Nicholas/Documents/GitHub/MTI835/headers/vulkanObject.h">
         <Option target="main"/>
      </Unit>
      <Unit filename="C:/Users/Nicholas/Documents/GitHub/MTI835/headers/vulkancube.h">
         <Option target="main"/>
      </Unit>
      <Unit filename="C:/Users/Nicholas/Documents/GitHub/MTI835/src/main.cpp">
         <Option target="main"/>
      </Unit>
      <Unit filename="C:/Users/Nicholas/Documents/GitHub/MTI835/src/particlefire.cpp">
         <Option target="main"/>
      </Unit>
      <Unit filename="C:/Users/Nicholas/Documents/GitHub/MTI835/src/vulkancube.cpp">
         <Option target="main"/>
      </Unit>
      <Unit filename="C:/Users/Nicholas/Documents/GitHub/MTI835/CMakeLists.txt">
          <Option virtualFolder="CMake Files\" />
      </Unit>
   </Project>
</CodeBlocks_project_file>
